// !$*UTF8*$!
{
	archiveVersion = 1;
	classes = {
	};
	objectVersion = 50;
	objects = {

/* Begin PBXBuildFile section */
		A5451ED325A0475000E98D62 /* History.swift in Sources */ = {isa = PBXBuildFile; fileRef = A5451ED225A0475000E98D62 /* History.swift */; };
		A5451ED625A0491000E98D62 /* ScrumData.swift in Sources */ = {isa = PBXBuildFile; fileRef = A5451ED525A0491000E98D62 /* ScrumData.swift */; };
		A5451EDD25A04E3D00E98D62 /* MeetingTimerView.swift in Sources */ = {isa = PBXBuildFile; fileRef = A5451EDC25A04E3D00E98D62 /* MeetingTimerView.swift */; };
		A5451EE125A052A300E98D62 /* SpeechRecognizer.swift in Sources */ = {isa = PBXBuildFile; fileRef = A5451EE025A052A300E98D62 /* SpeechRecognizer.swift */; };
		A5451EE425A0548400E98D62 /* HistoryView.swift in Sources */ = {isa = PBXBuildFile; fileRef = A5451EE325A0548400E98D62 /* HistoryView.swift */; };
		A5BDB67C259B21AE009F1239 /* ScrumdingerApp.swift in Sources */ = {isa = PBXBuildFile; fileRef = A5BDB67B259B21AE009F1239 /* ScrumdingerApp.swift */; };
		A5BDB67E259B21AE009F1239 /* MeetingView.swift in Sources */ = {isa = PBXBuildFile; fileRef = A5BDB67D259B21AE009F1239 /* MeetingView.swift */; };
		A5BDB680259B21AF009F1239 /* Assets.xcassets in Resources */ = {isa = PBXBuildFile; fileRef = A5BDB67F259B21AF009F1239 /* Assets.xcassets */; };
		A5BDB683259B21AF009F1239 /* Preview Assets.xcassets in Resources */ = {isa = PBXBuildFile; fileRef = A5BDB682259B21AF009F1239 /* Preview Assets.xcassets */; };
		A5BDB69B259B2879009F1239 /* CardView.swift in Sources */ = {isa = PBXBuildFile; fileRef = A5BDB69A259B2879009F1239 /* CardView.swift */; };
		A5BDB6A0259B30AA009F1239 /* ScrumsView.swift in Sources */ = {isa = PBXBuildFile; fileRef = A5BDB69F259B30AA009F1239 /* ScrumsView.swift */; };
		A5BDB6A4259B352D009F1239 /* DetailView.swift in Sources */ = {isa = PBXBuildFile; fileRef = A5BDB6A3259B352D009F1239 /* DetailView.swift */; };
		A5BDB6A8259B399F009F1239 /* EditView.swift in Sources */ = {isa = PBXBuildFile; fileRef = A5BDB6A7259B399F009F1239 /* EditView.swift */; };
		A5BDB6D3259C67BF009F1239 /* Color+Codable.swift in Sources */ = {isa = PBXBuildFile; fileRef = A5BDB6D1259C67BF009F1239 /* Color+Codable.swift */; };
		A5BDB6D4259C67C0009F1239 /* DailyScrum.swift in Sources */ = {isa = PBXBuildFile; fileRef = A5BDB6D2259C67BF009F1239 /* DailyScrum.swift */; };
		A5BDB6DA259C6C42009F1239 /* MeetingHeaderView.swift in Sources */ = {isa = PBXBuildFile; fileRef = A5BDB6D9259C6C42009F1239 /* MeetingHeaderView.swift */; };
		A5BDB6E0259C6E1E009F1239 /* ScrumProgressViewStyle.swift in Sources */ = {isa = PBXBuildFile; fileRef = A5BDB6DF259C6E1E009F1239 /* ScrumProgressViewStyle.swift */; };
		A5BDB6E5259C6ED6009F1239 /* ScrumTimer.swift in Sources */ = {isa = PBXBuildFile; fileRef = A5BDB6E4259C6ED6009F1239 /* ScrumTimer.swift */; };
		A5BDB6E8259C7078009F1239 /* MeetingFooterView.swift in Sources */ = {isa = PBXBuildFile; fileRef = A5BDB6E7259C7078009F1239 /* MeetingFooterView.swift */; };
		A5BDB6EC259CA9A0009F1239 /* AVPlayer+Ding.swift in Sources */ = {isa = PBXBuildFile; fileRef = A5BDB6EB259CA9A0009F1239 /* AVPlayer+Ding.swift */; };
		A5BDB6F0259CAA0E009F1239 /* ding.wav in Resources */ = {isa = PBXBuildFile; fileRef = A5BDB6EF259CAA0E009F1239 /* ding.wav */; };
/* End PBXBuildFile section */

/* Begin PBXFileReference section */
		A5451ED225A0475000E98D62 /* History.swift */ = {isa = PBXFileReference; lastKnownFileType = sourcecode.swift; path = History.swift; sourceTree = "<group>"; };
		A5451ED525A0491000E98D62 /* ScrumData.swift */ = {isa = PBXFileReference; lastKnownFileType = sourcecode.swift; path = ScrumData.swift; sourceTree = "<group>"; };
		A5451EDC25A04E3D00E98D62 /* MeetingTimerView.swift */ = {isa = PBXFileReference; lastKnownFileType = sourcecode.swift; path = MeetingTimerView.swift; sourceTree = "<group>"; };
		A5451EE025A052A300E98D62 /* SpeechRecognizer.swift */ = {isa = PBXFileReference; lastKnownFileType = sourcecode.swift; path = SpeechRecognizer.swift; sourceTree = "<group>"; };
		A5451EE325A0548400E98D62 /* HistoryView.swift */ = {isa = PBXFileReference; lastKnownFileType = sourcecode.swift; path = HistoryView.swift; sourceTree = "<group>"; };
		A5BDB678259B21AE009F1239 /* Scrumdinger.app */ = {isa = PBXFileReference; explicitFileType = wrapper.application; includeInIndex = 0; path = Scrumdinger.app; sourceTree = BUILT_PRODUCTS_DIR; };
		A5BDB67B259B21AE009F1239 /* ScrumdingerApp.swift */ = {isa = PBXFileReference; lastKnownFileType = sourcecode.swift; path = ScrumdingerApp.swift; sourceTree = "<group>"; };
		A5BDB67D259B21AE009F1239 /* MeetingView.swift */ = {isa = PBXFileReference; lastKnownFileType = sourcecode.swift; path = MeetingView.swift; sourceTree = "<group>"; };
		A5BDB67F259B21AF009F1239 /* Assets.xcassets */ = {isa = PBXFileReference; lastKnownFileType = folder.assetcatalog; path = Assets.xcassets; sourceTree = "<group>"; };
		A5BDB682259B21AF009F1239 /* Preview Assets.xcassets */ = {isa = PBXFileReference; lastKnownFileType = folder.assetcatalog; path = "Preview Assets.xcassets"; sourceTree = "<group>"; };
		A5BDB684259B21AF009F1239 /* Info.plist */ = {isa = PBXFileReference; lastKnownFileType = text.plist.xml; path = Info.plist; sourceTree = "<group>"; };
		A5BDB69A259B2879009F1239 /* CardView.swift */ = {isa = PBXFileReference; lastKnownFileType = sourcecode.swift; path = CardView.swift; sourceTree = "<group>"; };
		A5BDB69F259B30AA009F1239 /* ScrumsView.swift */ = {isa = PBXFileReference; lastKnownFileType = sourcecode.swift; path = ScrumsView.swift; sourceTree = "<group>"; };
		A5BDB6A3259B352D009F1239 /* DetailView.swift */ = {isa = PBXFileReference; lastKnownFileType = sourcecode.swift; path = DetailView.swift; sourceTree = "<group>"; };
		A5BDB6A7259B399F009F1239 /* EditView.swift */ = {isa = PBXFileReference; lastKnownFileType = sourcecode.swift; path = EditView.swift; sourceTree = "<group>"; };
		A5BDB6D1259C67BF009F1239 /* Color+Codable.swift */ = {isa = PBXFileReference; fileEncoding = 4; lastKnownFileType = sourcecode.swift; path = "Color+Codable.swift"; sourceTree = "<group>"; };
		A5BDB6D2259C67BF009F1239 /* DailyScrum.swift */ = {isa = PBXFileReference; fileEncoding = 4; lastKnownFileType = sourcecode.swift; path = DailyScrum.swift; sourceTree = "<group>"; };
		A5BDB6D9259C6C42009F1239 /* MeetingHeaderView.swift */ = {isa = PBXFileReference; lastKnownFileType = sourcecode.swift; path = MeetingHeaderView.swift; sourceTree = "<group>"; };
		A5BDB6DF259C6E1E009F1239 /* ScrumProgressViewStyle.swift */ = {isa = PBXFileReference; lastKnownFileType = sourcecode.swift; path = ScrumProgressViewStyle.swift; sourceTree = "<group>"; };
		A5BDB6E4259C6ED6009F1239 /* ScrumTimer.swift */ = {isa = PBXFileReference; lastKnownFileType = sourcecode.swift; path = ScrumTimer.swift; sourceTree = "<group>"; };
		A5BDB6E7259C7078009F1239 /* MeetingFooterView.swift */ = {isa = PBXFileReference; lastKnownFileType = sourcecode.swift; path = MeetingFooterView.swift; sourceTree = "<group>"; };
		A5BDB6EB259CA9A0009F1239 /* AVPlayer+Ding.swift */ = {isa = PBXFileReference; lastKnownFileType = sourcecode.swift; path = "AVPlayer+Ding.swift"; sourceTree = "<group>"; };
		A5BDB6EF259CAA0E009F1239 /* ding.wav */ = {isa = PBXFileReference; lastKnownFileType = audio.wav; path = ding.wav; sourceTree = "<group>"; };
/* End PBXFileReference section */

/* Begin PBXFrameworksBuildPhase section */
		A5BDB675259B21AE009F1239 /* Frameworks */ = {
			isa = PBXFrameworksBuildPhase;
			buildActionMask = 2147483647;
			files = (
			);
			runOnlyForDeploymentPostprocessing = 0;
		};
/* End PBXFrameworksBuildPhase section */

/* Begin PBXGroup section */
		A5BDB66F259B21AE009F1239 = {
			isa = PBXGroup;
			children = (
				A5BDB67A259B21AE009F1239 /* Scrumdinger */,
				A5BDB679259B21AE009F1239 /* Products */,
			);
			sourceTree = "<group>";
		};
		A5BDB679259B21AE009F1239 /* Products */ = {
			isa = PBXGroup;
			children = (
				A5BDB678259B21AE009F1239 /* Scrumdinger.app */,
			);
			name = Products;
			sourceTree = "<group>";
		};
		A5BDB67A259B21AE009F1239 /* Scrumdinger */ = {
			isa = PBXGroup;
			children = (
				A5BDB67B259B21AE009F1239 /* ScrumdingerApp.swift */,
				A5BDB67D259B21AE009F1239 /* MeetingView.swift */,
				A5BDB69A259B2879009F1239 /* CardView.swift */,
				A5BDB69F259B30AA009F1239 /* ScrumsView.swift */,
				A5BDB6A3259B352D009F1239 /* DetailView.swift */,
				A5BDB6A7259B399F009F1239 /* EditView.swift */,
				A5BDB6D9259C6C42009F1239 /* MeetingHeaderView.swift */,
				A5BDB6DF259C6E1E009F1239 /* ScrumProgressViewStyle.swift */,
				A5BDB6E7259C7078009F1239 /* MeetingFooterView.swift */,
				A5451EDC25A04E3D00E98D62 /* MeetingTimerView.swift */,
				A5451EE325A0548400E98D62 /* HistoryView.swift */,
				A5BDB68D259B2767009F1239 /* Models */,
				A5BDB6EE259CA9E4009F1239 /* Resources */,
				A5BDB67F259B21AF009F1239 /* Assets.xcassets */,
				A5BDB684259B21AF009F1239 /* Info.plist */,
				A5BDB681259B21AF009F1239 /* Preview Content */,
			);
			path = Scrumdinger;
			sourceTree = "<group>";
		};
		A5BDB681259B21AF009F1239 /* Preview Content */ = {
			isa = PBXGroup;
			children = (
				A5BDB682259B21AF009F1239 /* Preview Assets.xcassets */,
			);
			path = "Preview Content";
			sourceTree = "<group>";
		};
		A5BDB68D259B2767009F1239 /* Models */ = {
			isa = PBXGroup;
			children = (
				A5BDB6D1259C67BF009F1239 /* Color+Codable.swift */,
				A5BDB6D2259C67BF009F1239 /* DailyScrum.swift */,
				A5BDB6E4259C6ED6009F1239 /* ScrumTimer.swift */,
				A5BDB6EB259CA9A0009F1239 /* AVPlayer+Ding.swift */,
				A5451ED225A0475000E98D62 /* History.swift */,
				A5451ED525A0491000E98D62 /* ScrumData.swift */,
				A5451EE025A052A300E98D62 /* SpeechRecognizer.swift */,
			);
			path = Models;
			sourceTree = "<group>";
		};
		A5BDB6EE259CA9E4009F1239 /* Resources */ = {
			isa = PBXGroup;
			children = (
				A5BDB6EF259CAA0E009F1239 /* ding.wav */,
			);
			path = Resources;
			sourceTree = "<group>";
		};
/* End PBXGroup section */

/* Begin PBXNativeTarget section */
		A5BDB677259B21AE009F1239 /* Scrumdinger */ = {
			isa = PBXNativeTarget;
			buildConfigurationList = A5BDB687259B21AF009F1239 /* Build configuration list for PBXNativeTarget "Scrumdinger" */;
			buildPhases = (
				A5BDB674259B21AE009F1239 /* Sources */,
				A5BDB675259B21AE009F1239 /* Frameworks */,
				A5BDB676259B21AE009F1239 /* Resources */,
			);
			buildRules = (
			);
			dependencies = (
			);
			name = Scrumdinger;
			productName = Scrumdinger;
			productReference = A5BDB678259B21AE009F1239 /* Scrumdinger.app */;
			productType = "com.apple.product-type.application";
		};
/* End PBXNativeTarget section */

/* Begin PBXProject section */
		A5BDB670259B21AE009F1239 /* Project object */ = {
			isa = PBXProject;
			attributes = {
				LastSwiftUpdateCheck = 1230;
				LastUpgradeCheck = 1230;
				TargetAttributes = {
					A5BDB677259B21AE009F1239 = {
						CreatedOnToolsVersion = 12.3;
					};
				};
			};
			buildConfigurationList = A5BDB673259B21AE009F1239 /* Build configuration list for PBXProject "Scrumdinger" */;
			compatibilityVersion = "Xcode 9.3";
			developmentRegion = en;
			hasScannedForEncodings = 0;
			knownRegions = (
				en,
				Base,
			);
			mainGroup = A5BDB66F259B21AE009F1239;
			productRefGroup = A5BDB679259B21AE009F1239 /* Products */;
			projectDirPath = "";
			projectRoot = "";
			targets = (
				A5BDB677259B21AE009F1239 /* Scrumdinger */,
			);
		};
/* End PBXProject section */

/* Begin PBXResourcesBuildPhase section */
		A5BDB676259B21AE009F1239 /* Resources */ = {
			isa = PBXResourcesBuildPhase;
			buildActionMask = 2147483647;
			files = (
				A5BDB6F0259CAA0E009F1239 /* ding.wav in Resources */,
				A5BDB683259B21AF009F1239 /* Preview Assets.xcassets in Resources */,
				A5BDB680259B21AF009F1239 /* Assets.xcassets in Resources */,
			);
			runOnlyForDeploymentPostprocessing = 0;
		};
/* End PBXResourcesBuildPhase section */

/* Begin PBXSourcesBuildPhase section */
		A5BDB674259B21AE009F1239 /* Sources */ = {
			isa = PBXSourcesBuildPhase;
			buildActionMask = 2147483647;
			files = (
				A5BDB6D4259C67C0009F1239 /* DailyScrum.swift in Sources */,
				A5BDB67E259B21AE009F1239 /* MeetingView.swift in Sources */,
				A5451ED325A0475000E98D62 /* History.swift in Sources */,
				A5451EE125A052A300E98D62 /* SpeechRecognizer.swift in Sources */,
				A5BDB6A0259B30AA009F1239 /* ScrumsView.swift in Sources */,
				A5BDB6EC259CA9A0009F1239 /* AVPlayer+Ding.swift in Sources */,
				A5451ED625A0491000E98D62 /* ScrumData.swift in Sources */,
				A5451EE425A0548400E98D62 /* HistoryView.swift in Sources */,
				A5451EDD25A04E3D00E98D62 /* MeetingTimerView.swift in Sources */,
				A5BDB6A8259B399F009F1239 /* EditView.swift in Sources */,
				A5BDB6A4259B352D009F1239 /* DetailView.swift in Sources */,
				A5BDB6E8259C7078009F1239 /* MeetingFooterView.swift in Sources */,
				A5BDB67C259B21AE009F1239 /* ScrumdingerApp.swift in Sources */,
				A5BDB6E5259C6ED6009F1239 /* ScrumTimer.swift in Sources */,
				A5BDB6D3259C67BF009F1239 /* Color+Codable.swift in Sources */,
				A5BDB69B259B2879009F1239 /* CardView.swift in Sources */,
				A5BDB6E0259C6E1E009F1239 /* ScrumProgressViewStyle.swift in Sources */,
				A5BDB6DA259C6C42009F1239 /* MeetingHeaderView.swift in Sources */,
			);
			runOnlyForDeploymentPostprocessing = 0;
		};
/* End PBXSourcesBuildPhase section */

/* Begin XCBuildConfiguration section */
		A5BDB685259B21AF009F1239 /* Debug */ = {
			isa = XCBuildConfiguration;
			buildSettings = {
				ALWAYS_SEARCH_USER_PATHS = NO;
				CLANG_ANALYZER_NONNULL = YES;
				CLANG_ANALYZER_NUMBER_OBJECT_CONVERSION = YES_AGGRESSIVE;
				CLANG_CXX_LANGUAGE_STANDARD = "gnu++14";
				CLANG_CXX_LIBRARY = "libc++";
				CLANG_ENABLE_MODULES = YES;
				CLANG_ENABLE_OBJC_ARC = YES;
				CLANG_ENABLE_OBJC_WEAK = YES;
				CLANG_WARN_BLOCK_CAPTURE_AUTORELEASING = YES;
				CLANG_WARN_BOOL_CONVERSION = YES;
				CLANG_WARN_COMMA = YES;
				CLANG_WARN_CONSTANT_CONVERSION = YES;
				CLANG_WARN_DEPRECATED_OBJC_IMPLEMENTATIONS = YES;
				CLANG_WARN_DIRECT_OBJC_ISA_USAGE = YES_ERROR;
				CLANG_WARN_DOCUMENTATION_COMMENTS = YES;
				CLANG_WARN_EMPTY_BODY = YES;
				CLANG_WARN_ENUM_CONVERSION = YES;
				CLANG_WARN_INFINITE_RECURSION = YES;
				CLANG_WARN_INT_CONVERSION = YES;
				CLANG_WARN_NON_LITERAL_NULL_CONVERSION = YES;
				CLANG_WARN_OBJC_IMPLICIT_RETAIN_SELF = YES;
				CLANG_WARN_OBJC_LITERAL_CONVERSION = YES;
				CLANG_WARN_OBJC_ROOT_CLASS = YES_ERROR;
				CLANG_WARN_QUOTED_INCLUDE_IN_FRAMEWORK_HEADER = YES;
				CLANG_WARN_RANGE_LOOP_ANALYSIS = YES;
				CLANG_WARN_STRICT_PROTOTYPES = YES;
				CLANG_WARN_SUSPICIOUS_MOVE = YES;
				CLANG_WARN_UNGUARDED_AVAILABILITY = YES_AGGRESSIVE;
				CLANG_WARN_UNREACHABLE_CODE = YES;
				CLANG_WARN__DUPLICATE_METHOD_MATCH = YES;
				COPY_PHASE_STRIP = NO;
				DEBUG_INFORMATION_FORMAT = dwarf;
				ENABLE_STRICT_OBJC_MSGSEND = YES;
				ENABLE_TESTABILITY = YES;
				GCC_C_LANGUAGE_STANDARD = gnu11;
				GCC_DYNAMIC_NO_PIC = NO;
				GCC_NO_COMMON_BLOCKS = YES;
				GCC_OPTIMIZATION_LEVEL = 0;
				GCC_PREPROCESSOR_DEFINITIONS = (
					"DEBUG=1",
					"$(inherited)",
				);
				GCC_WARN_64_TO_32_BIT_CONVERSION = YES;
				GCC_WARN_ABOUT_RETURN_TYPE = YES_ERROR;
				GCC_WARN_UNDECLARED_SELECTOR = YES;
				GCC_WARN_UNINITIALIZED_AUTOS = YES_AGGRESSIVE;
				GCC_WARN_UNUSED_FUNCTION = YES;
				GCC_WARN_UNUSED_VARIABLE = YES;
				IPHONEOS_DEPLOYMENT_TARGET = 14.3;
				MTL_ENABLE_DEBUG_INFO = INCLUDE_SOURCE;
				MTL_FAST_MATH = YES;
				ONLY_ACTIVE_ARCH = YES;
				SDKROOT = iphoneos;
				SWIFT_ACTIVE_COMPILATION_CONDITIONS = DEBUG;
				SWIFT_OPTIMIZATION_LEVEL = "-Onone";
			};
			name = Debug;
		};
		A5BDB686259B21AF009F1239 /* Release */ = {
			isa = XCBuildConfiguration;
			buildSettings = {
				ALWAYS_SEARCH_USER_PATHS = NO;
				CLANG_ANALYZER_NONNULL = YES;
				CLANG_ANALYZER_NUMBER_OBJECT_CONVERSION = YES_AGGRESSIVE;
				CLANG_CXX_LANGUAGE_STANDARD = "gnu++14";
				CLANG_CXX_LIBRARY = "libc++";
				CLANG_ENABLE_MODULES = YES;
				CLANG_ENABLE_OBJC_ARC = YES;
				CLANG_ENABLE_OBJC_WEAK = YES;
				CLANG_WARN_BLOCK_CAPTURE_AUTORELEASING = YES;
				CLANG_WARN_BOOL_CONVERSION = YES;
				CLANG_WARN_COMMA = YES;
				CLANG_WARN_CONSTANT_CONVERSION = YES;
				CLANG_WARN_DEPRECATED_OBJC_IMPLEMENTATIONS = YES;
				CLANG_WARN_DIRECT_OBJC_ISA_USAGE = YES_ERROR;
				CLANG_WARN_DOCUMENTATION_COMMENTS = YES;
				CLANG_WARN_EMPTY_BODY = YES;
				CLANG_WARN_ENUM_CONVERSION = YES;
				CLANG_WARN_INFINITE_RECURSION = YES;
				CLANG_WARN_INT_CONVERSION = YES;
				CLANG_WARN_NON_LITERAL_NULL_CONVERSION = YES;
				CLANG_WARN_OBJC_IMPLICIT_RETAIN_SELF = YES;
				CLANG_WARN_OBJC_LITERAL_CONVERSION = YES;
				CLANG_WARN_OBJC_ROOT_CLASS = YES_ERROR;
				CLANG_WARN_QUOTED_INCLUDE_IN_FRAMEWORK_HEADER = YES;
				CLANG_WARN_RANGE_LOOP_ANALYSIS = YES;
				CLANG_WARN_STRICT_PROTOTYPES = YES;
				CLANG_WARN_SUSPICIOUS_MOVE = YES;
				CLANG_WARN_UNGUARDED_AVAILABILITY = YES_AGGRESSIVE;
				CLANG_WARN_UNREACHABLE_CODE = YES;
				CLANG_WARN__DUPLICATE_METHOD_MATCH = YES;
				COPY_PHASE_STRIP = NO;
				DEBUG_INFORMATION_FORMAT = "dwarf-with-dsym";
				ENABLE_NS_ASSERTIONS = NO;
				ENABLE_STRICT_OBJC_MSGSEND = YES;
				GCC_C_LANGUAGE_STANDARD = gnu11;
				GCC_NO_COMMON_BLOCKS = YES;
				GCC_WARN_64_TO_32_BIT_CONVERSION = YES;
				GCC_WARN_ABOUT_RETURN_TYPE = YES_ERROR;
				GCC_WARN_UNDECLARED_SELECTOR = YES;
				GCC_WARN_UNINITIALIZED_AUTOS = YES_AGGRESSIVE;
				GCC_WARN_UNUSED_FUNCTION = YES;
				GCC_WARN_UNUSED_VARIABLE = YES;
				IPHONEOS_DEPLOYMENT_TARGET = 14.3;
				MTL_ENABLE_DEBUG_INFO = NO;
				MTL_FAST_MATH = YES;
				SDKROOT = iphoneos;
				SWIFT_COMPILATION_MODE = wholemodule;
				SWIFT_OPTIMIZATION_LEVEL = "-O";
				VALIDATE_PRODUCT = YES;
			};
			name = Release;
		};
		A5BDB688259B21AF009F1239 /* Debug */ = {
			isa = XCBuildConfiguration;
			buildSettings = {
				ASSETCATALOG_COMPILER_APPICON_NAME = AppIcon;
				ASSETCATALOG_COMPILER_GLOBAL_ACCENT_COLOR_NAME = AccentColor;
				CODE_SIGN_STYLE = Automatic;
				DEVELOPMENT_ASSET_PATHS = "\"Scrumdinger/Preview Content\"";
				ENABLE_PREVIEWS = YES;
				INFOPLIST_FILE = Scrumdinger/Info.plist;
				IPHONEOS_DEPLOYMENT_TARGET = 14.0;
				LD_RUNPATH_SEARCH_PATHS = (
					"$(inherited)",
					"@executable_path/Frameworks",
				);
				PRODUCT_BUNDLE_IDENTIFIER = debug45.Scrumdinger;
				PRODUCT_NAME = "$(TARGET_NAME)";
				SWIFT_VERSION = 5.0;
				TARGETED_DEVICE_FAMILY = "1,2";
			};
			name = Debug;
		};
		A5BDB689259B21AF009F1239 /* Release */ = {
			isa = XCBuildConfiguration;
			buildSettings = {
				ASSETCATALOG_COMPILER_APPICON_NAME = AppIcon;
				ASSETCATALOG_COMPILER_GLOBAL_ACCENT_COLOR_NAME = AccentColor;
				CODE_SIGN_STYLE = Automatic;
				DEVELOPMENT_ASSET_PATHS = "\"Scrumdinger/Preview Content\"";
				ENABLE_PREVIEWS = YES;
				INFOPLIST_FILE = Scrumdinger/Info.plist;
				IPHONEOS_DEPLOYMENT_TARGET = 14.0;
				LD_RUNPATH_SEARCH_PATHS = (
					"$(inherited)",
					"@executable_path/Frameworks",
				);
				PRODUCT_BUNDLE_IDENTIFIER = debug45.Scrumdinger;
				PRODUCT_NAME = "$(TARGET_NAME)";
				SWIFT_VERSION = 5.0;
				TARGETED_DEVICE_FAMILY = "1,2";
			};
			name = Release;
		};
/* End XCBuildConfiguration section */

/* Begin XCConfigurationList section */
		A5BDB673259B21AE009F1239 /* Build configuration list for PBXProject "Scrumdinger" */ = {
			isa = XCConfigurationList;
			buildConfigurations = (
				A5BDB685259B21AF009F1239 /* Debug */,
				A5BDB686259B21AF009F1239 /* Release */,
			);
			defaultConfigurationIsVisible = 0;
			defaultConfigurationName = Release;
		};
		A5BDB687259B21AF009F1239 /* Build configuration list for PBXNativeTarget "Scrumdinger" */ = {
			isa = XCConfigurationList;
			buildConfigurations = (
				A5BDB688259B21AF009F1239 /* Debug */,
				A5BDB689259B21AF009F1239 /* Release */,
			);
			defaultConfigurationIsVisible = 0;
			defaultConfigurationName = Release;
		};
/* End XCConfigurationList section */
	};
	rootObject = A5BDB670259B21AE009F1239 /* Project object */;
}
